PODS:
  - TRVSTestManager (0.0.1)

DEPENDENCIES:
  - TRVSTestManager (from `https://github.com/travisjeffery/TRVSTestManager.git`, branch `master`)

EXTERNAL SOURCES:
  TRVSTestManager:
    :branch: master
    :git: https://github.com/travisjeffery/TRVSTestManager.git

SPEC CHECKSUMS:
  TRVSTestManager: d7c59ba6b2d108bf78d1d0a48262fdbb3e1b6493

COCOAPODS: 0.25.0
