PODS:
  - TRVSMonitor (0.0.1)

DEPENDENCIES:
  - TRVSMonitor (from `https://github.com/travisjeffery/TRVSMonitor.git`, branch `master`)

EXTERNAL SOURCES:
  TRVSMonitor:
    :branch: master
    :git: https://github.com/travisjeffery/TRVSMonitor.git

SPEC CHECKSUMS:
  TRVSMonitor: 97dec7f4ff10a16ed75245562ec880160f436c6e

COCOAPODS: 0.25.0
